
Microsoft Visual Studio Solution File, Format Version 12.00
# Visual Studio Version 17
VisualStudioVersion = 17.9.34728.123
MinimumVisualStudioVersion = 10.0.40219.1
Project("{FAE04EC0-301F-11D3-BF4B-00C04F79EFBC}") = "OnlineCarRental", "OnlineCarRental.csproj", "{DA2944DD-06D6-4D05-8A4E-B0652392B729}"
EndProject
Global
	GlobalSection(SolutionConfigurationPlatforms) = preSolution
		Debug|Any CPU = Debug|Any CPU
		Release|Any CPU = Release|Any CPU
	EndGlobalSection
	GlobalSection(ProjectConfigurationPlatforms) = postSolution
		{DA2944DD-06D6-4D05-8A4E-B0652392B729}.Debug|Any CPU.ActiveCfg = Debug|Any CPU
		{DA2944DD-06D6-4D05-8A4E-B0652392B729}.Debug|Any CPU.Build.0 = Debug|Any CPU
		{DA2944DD-06D6-4D05-8A4E-B0652392B729}.Release|Any CPU.ActiveCfg = Release|Any CPU
		{DA2944DD-06D6-4D05-8A4E-B0652392B729}.Release|Any CPU.Build.0 = Release|Any CPU
	EndGlobalSection
	GlobalSection(SolutionProperties) = preSolution
		HideSolutionNode = FALSE
	EndGlobalSection
	GlobalSection(ExtensibilityGlobals) = postSolution
		SolutionGuid = {8DEAEEED-B27D-49D6-9293-44C2296E2110}
	EndGlobalSection
EndGlobal
